
Microsoft Visual Studio Solution File, Format Version 12.00
# Visual Studio Version 16
VisualStudioVersion = 16.0.31112.23
MinimumVisualStudioVersion = 10.0.40219.1
Project("{8BC9CEB8-8B4A-11D0-8D11-00A0C91BC942}") = "KTDH_DEMO", "KTDH_DEMO\KTDH_DEMO.vcxproj", "{02F7AAEA-9405-4B02-9977-F5971A51A82D}"
EndProject
Global
	GlobalSection(SolutionConfigurationPlatforms) = preSolution
		Debug|x64 = Debug|x64
		Debug|x86 = Debug|x86
		Release|x64 = Release|x64
		Release|x86 = Release|x86
	EndGlobalSection
	GlobalSection(ProjectConfigurationPlatforms) = postSolution
		{02F7AAEA-9405-4B02-9977-F5971A51A82D}.Debug|x64.ActiveCfg = Debug|x64
		{02F7AAEA-9405-4B02-9977-F5971A51A82D}.Debug|x64.Build.0 = Debug|x64
		{02F7AAEA-9405-4B02-9977-F5971A51A82D}.Debug|x86.ActiveCfg = Debug|Win32
		{02F7AAEA-9405-4B02-9977-F5971A51A82D}.Debug|x86.Build.0 = Debug|Win32
		{02F7AAEA-9405-4B02-9977-F5971A51A82D}.Release|x64.ActiveCfg = Release|x64
		{02F7AAEA-9405-4B02-9977-F5971A51A82D}.Release|x64.Build.0 = Release|x64
		{02F7AAEA-9405-4B02-9977-F5971A51A82D}.Release|x86.ActiveCfg = Release|Win32
		{02F7AAEA-9405-4B02-9977-F5971A51A82D}.Release|x86.Build.0 = Release|Win32
	EndGlobalSection
	GlobalSection(SolutionProperties) = preSolution
		HideSolutionNode = FALSE
	EndGlobalSection
	GlobalSection(ExtensibilityGlobals) = postSolution
		SolutionGuid = {52C86F16-AB7D-4F9E-878E-48EC17992E97}
	EndGlobalSection
EndGlobal
